
Microsoft Visual Studio Solution File, Format Version 12.00
# Visual Studio Version 17
VisualStudioVersion = 17.0.31903.59
MinimumVisualStudioVersion = 10.0.40219.1
Project("{9A19103F-16F7-4668-BE54-9A1E7A4F7556}") = "parte2", "parte2\parte2.csproj", "{36498F53-080E-4D8D-BE57-01BCAA352CDF}"
EndProject
Project("{FAE04EC0-301F-11D3-BF4B-00C04F79EFBC}") = "parte1", "parte1\parte1.csproj", "{12C3F91C-C0D4-46A6-9ACE-92E672A01865}"
EndProject
Global
	GlobalSection(SolutionConfigurationPlatforms) = preSolution
		Debug|Any CPU = Debug|Any CPU
		Release|Any CPU = Release|Any CPU
	EndGlobalSection
	GlobalSection(ProjectConfigurationPlatforms) = postSolution
		{36498F53-080E-4D8D-BE57-01BCAA352CDF}.Debug|Any CPU.ActiveCfg = Debug|Any CPU
		{36498F53-080E-4D8D-BE57-01BCAA352CDF}.Debug|Any CPU.Build.0 = Debug|Any CPU
		{36498F53-080E-4D8D-BE57-01BCAA352CDF}.Release|Any CPU.ActiveCfg = Release|Any CPU
		{36498F53-080E-4D8D-BE57-01BCAA352CDF}.Release|Any CPU.Build.0 = Release|Any CPU
		{12C3F91C-C0D4-46A6-9ACE-92E672A01865}.Debug|Any CPU.ActiveCfg = Debug|Any CPU
		{12C3F91C-C0D4-46A6-9ACE-92E672A01865}.Debug|Any CPU.Build.0 = Debug|Any CPU
		{12C3F91C-C0D4-46A6-9ACE-92E672A01865}.Release|Any CPU.ActiveCfg = Release|Any CPU
		{12C3F91C-C0D4-46A6-9ACE-92E672A01865}.Release|Any CPU.Build.0 = Release|Any CPU
	EndGlobalSection
	GlobalSection(SolutionProperties) = preSolution
		HideSolutionNode = FALSE
	EndGlobalSection
EndGlobal
